
Microsoft Visual Studio Solution File, Format Version 11.00
# Visual Studio 2010
# SharpDevelop 4.4
Project("{FAE04EC0-301F-11D3-BF4B-00C04F79EFBC}") = "MenuWithKeyPress", "MenuWithKeyPress\MenuWithKeyPress.csproj", "{17C9F1F4-FBD2-4579-A73A-57AF69A9DB23}"
EndProject
Global
	GlobalSection(SolutionConfigurationPlatforms) = preSolution
		Debug|Any CPU = Debug|Any CPU
		Release|Any CPU = Release|Any CPU
	EndGlobalSection
	GlobalSection(ProjectConfigurationPlatforms) = postSolution
		{17C9F1F4-FBD2-4579-A73A-57AF69A9DB23}.Debug|Any CPU.Build.0 = Debug|Any CPU
		{17C9F1F4-FBD2-4579-A73A-57AF69A9DB23}.Debug|Any CPU.ActiveCfg = Debug|Any CPU
		{17C9F1F4-FBD2-4579-A73A-57AF69A9DB23}.Release|Any CPU.Build.0 = Release|Any CPU
		{17C9F1F4-FBD2-4579-A73A-57AF69A9DB23}.Release|Any CPU.ActiveCfg = Release|Any CPU
	EndGlobalSection
EndGlobal
