
Microsoft Visual Studio Solution File, Format Version 11.00
# Visual Studio 2010
# SharpDevelop 4.4
Project("{FAE04EC0-301F-11D3-BF4B-00C04F79EFBC}") = "HoanVi", "HoanVi\HoanVi.csproj", "{C69AB520-D765-4A00-BF0A-29D8DCCA9ECD}"
EndProject
Global
	GlobalSection(SolutionConfigurationPlatforms) = preSolution
		Debug|Any CPU = Debug|Any CPU
		Release|Any CPU = Release|Any CPU
	EndGlobalSection
	GlobalSection(ProjectConfigurationPlatforms) = postSolution
		{C69AB520-D765-4A00-BF0A-29D8DCCA9ECD}.Debug|Any CPU.Build.0 = Debug|Any CPU
		{C69AB520-D765-4A00-BF0A-29D8DCCA9ECD}.Debug|Any CPU.ActiveCfg = Debug|Any CPU
		{C69AB520-D765-4A00-BF0A-29D8DCCA9ECD}.Release|Any CPU.Build.0 = Release|Any CPU
		{C69AB520-D765-4A00-BF0A-29D8DCCA9ECD}.Release|Any CPU.ActiveCfg = Release|Any CPU
	EndGlobalSection
EndGlobal
